
Microsoft Visual Studio Solution File, Format Version 11.00
# Visual Studio 2010
Project("{8BC9CEB8-8B4A-11D0-8D11-00A0C91BC942}") = "LTU-CUDA", "LTU-CUDA.vcxproj", "{96E36D62-2E3E-4D39-8004-35ACB49A102E}"
EndProject
Global
	GlobalSection(SolutionConfigurationPlatforms) = preSolution
		Debug|Win32 = Debug|Win32
		Release|Win32 = Release|Win32
	EndGlobalSection
	GlobalSection(ProjectConfigurationPlatforms) = postSolution
		{96E36D62-2E3E-4D39-8004-35ACB49A102E}.Debug|Win32.ActiveCfg = Debug|Win32
		{96E36D62-2E3E-4D39-8004-35ACB49A102E}.Debug|Win32.Build.0 = Debug|Win32
		{96E36D62-2E3E-4D39-8004-35ACB49A102E}.Release|Win32.ActiveCfg = Release|Win32
		{96E36D62-2E3E-4D39-8004-35ACB49A102E}.Release|Win32.Build.0 = Release|Win32
	EndGlobalSection
	GlobalSection(SolutionProperties) = preSolution
		HideSolutionNode = FALSE
	EndGlobalSection
EndGlobal
